
Microsoft Visual Studio Solution File, Format Version 12.00
# Visual Studio Version 16
VisualStudioVersion = 16.0.29709.97
MinimumVisualStudioVersion = 10.0.40219.1
Project("{FAE04EC0-301F-11D3-BF4B-00C04F79EFBC}") = "SelfHostedWebApi", "SelfHostedWebApi\SelfHostedWebApi.csproj", "{DE0D48DF-6B9A-48CB-B417-0A13DAE77A96}"
EndProject
Project("{FAE04EC0-301F-11D3-BF4B-00C04F79EFBC}") = "Application", "Application\Application.csproj", "{9C2D4101-D97F-47DF-A49C-986B5771FD34}"
EndProject
Project("{FAE04EC0-301F-11D3-BF4B-00C04F79EFBC}") = "Infrastructure", "Infrastructure\Infrastructure.csproj", "{9F8594E1-BB81-488C-B508-C145948DBAD3}"
EndProject
Global
	GlobalSection(SolutionConfigurationPlatforms) = preSolution
		Debug|Any CPU = Debug|Any CPU
		Release|Any CPU = Release|Any CPU
	EndGlobalSection
	GlobalSection(ProjectConfigurationPlatforms) = postSolution
		{DE0D48DF-6B9A-48CB-B417-0A13DAE77A96}.Debug|Any CPU.ActiveCfg = Debug|Any CPU
		{DE0D48DF-6B9A-48CB-B417-0A13DAE77A96}.Debug|Any CPU.Build.0 = Debug|Any CPU
		{DE0D48DF-6B9A-48CB-B417-0A13DAE77A96}.Release|Any CPU.ActiveCfg = Release|Any CPU
		{DE0D48DF-6B9A-48CB-B417-0A13DAE77A96}.Release|Any CPU.Build.0 = Release|Any CPU
		{9C2D4101-D97F-47DF-A49C-986B5771FD34}.Debug|Any CPU.ActiveCfg = Debug|Any CPU
		{9C2D4101-D97F-47DF-A49C-986B5771FD34}.Debug|Any CPU.Build.0 = Debug|Any CPU
		{9C2D4101-D97F-47DF-A49C-986B5771FD34}.Release|Any CPU.ActiveCfg = Release|Any CPU
		{9C2D4101-D97F-47DF-A49C-986B5771FD34}.Release|Any CPU.Build.0 = Release|Any CPU
		{9F8594E1-BB81-488C-B508-C145948DBAD3}.Debug|Any CPU.ActiveCfg = Debug|Any CPU
		{9F8594E1-BB81-488C-B508-C145948DBAD3}.Debug|Any CPU.Build.0 = Debug|Any CPU
		{9F8594E1-BB81-488C-B508-C145948DBAD3}.Release|Any CPU.ActiveCfg = Release|Any CPU
		{9F8594E1-BB81-488C-B508-C145948DBAD3}.Release|Any CPU.Build.0 = Release|Any CPU
	EndGlobalSection
	GlobalSection(SolutionProperties) = preSolution
		HideSolutionNode = FALSE
	EndGlobalSection
	GlobalSection(ExtensibilityGlobals) = postSolution
		SolutionGuid = {3C5A29ED-C36A-43CC-8E24-861E31D77FD2}
	EndGlobalSection
EndGlobal
